
Microsoft Visual Studio Solution File, Format Version 12.00
# Visual Studio 14
VisualStudioVersion = 14.0.25420.1
MinimumVisualStudioVersion = 10.0.40219.1
Project("{FAE04EC0-301F-11D3-BF4B-00C04F79EFBC}") = "EAExport", "EAExport\EAExport.csproj", "{A777C5CE-7A07-4FAC-8DE7-1500901A8AA6}"
EndProject
Project("{FAE04EC0-301F-11D3-BF4B-00C04F79EFBC}") = "EAExportUnitTest", "EAExportUnitTest\EAExportUnitTest.csproj", "{5B3579A7-8870-44F5-9685-BEE281789AA0}"
EndProject
Global
	GlobalSection(SolutionConfigurationPlatforms) = preSolution
		Debug|Any CPU = Debug|Any CPU
		Release|Any CPU = Release|Any CPU
	EndGlobalSection
	GlobalSection(ProjectConfigurationPlatforms) = postSolution
		{A777C5CE-7A07-4FAC-8DE7-1500901A8AA6}.Debug|Any CPU.ActiveCfg = Debug|Any CPU
		{A777C5CE-7A07-4FAC-8DE7-1500901A8AA6}.Debug|Any CPU.Build.0 = Debug|Any CPU
		{A777C5CE-7A07-4FAC-8DE7-1500901A8AA6}.Release|Any CPU.ActiveCfg = Release|Any CPU
		{A777C5CE-7A07-4FAC-8DE7-1500901A8AA6}.Release|Any CPU.Build.0 = Release|Any CPU
		{5B3579A7-8870-44F5-9685-BEE281789AA0}.Debug|Any CPU.ActiveCfg = Debug|Any CPU
		{5B3579A7-8870-44F5-9685-BEE281789AA0}.Debug|Any CPU.Build.0 = Debug|Any CPU
		{5B3579A7-8870-44F5-9685-BEE281789AA0}.Release|Any CPU.ActiveCfg = Release|Any CPU
		{5B3579A7-8870-44F5-9685-BEE281789AA0}.Release|Any CPU.Build.0 = Release|Any CPU
	EndGlobalSection
	GlobalSection(SolutionProperties) = preSolution
		HideSolutionNode = FALSE
	EndGlobalSection
EndGlobal
